
Microsoft Visual Studio Solution File, Format Version 12.00
# Visual Studio Version 17
VisualStudioVersion = 17.14.36705.20
MinimumVisualStudioVersion = 10.0.40219.1
Project("{8BC9CEB8-8B4A-11D0-8D11-00A0C91BC942}") = "Ejercicio2", "Ejercicio2\Ejercicio2.vcxproj", "{0FE9F75E-1FE0-4E44-B310-6EEA017D2013}"
EndProject
Project("{8BC9CEB8-8B4A-11D0-8D11-00A0C91BC942}") = "Ejercicio5", "Ejercicio5\Ejercicio5.vcxproj", "{547E4EA9-C941-426B-B50D-D61C414A102C}"
EndProject
Project("{8BC9CEB8-8B4A-11D0-8D11-00A0C91BC942}") = "EjercicioRes3", "EjercicioRes3\EjercicioRes3.vcxproj", "{6346275C-C4C9-46F7-9CDF-8A498B611189}"
EndProject
Project("{8BC9CEB8-8B4A-11D0-8D11-00A0C91BC942}") = "Ejercicio10", "Ejercicio10\Ejercicio10.vcxproj", "{A96B48D2-B48D-4EE6-8CB4-A8E7BDB6E5D0}"
EndProject
Global
	GlobalSection(SolutionConfigurationPlatforms) = preSolution
		Debug|x64 = Debug|x64
		Debug|x86 = Debug|x86
		Release|x64 = Release|x64
		Release|x86 = Release|x86
	EndGlobalSection
	GlobalSection(ProjectConfigurationPlatforms) = postSolution
		{0FE9F75E-1FE0-4E44-B310-6EEA017D2013}.Debug|x64.ActiveCfg = Debug|x64
		{0FE9F75E-1FE0-4E44-B310-6EEA017D2013}.Debug|x64.Build.0 = Debug|x64
		{0FE9F75E-1FE0-4E44-B310-6EEA017D2013}.Debug|x86.ActiveCfg = Debug|Win32
		{0FE9F75E-1FE0-4E44-B310-6EEA017D2013}.Debug|x86.Build.0 = Debug|Win32
		{0FE9F75E-1FE0-4E44-B310-6EEA017D2013}.Release|x64.ActiveCfg = Release|x64
		{0FE9F75E-1FE0-4E44-B310-6EEA017D2013}.Release|x64.Build.0 = Release|x64
		{0FE9F75E-1FE0-4E44-B310-6EEA017D2013}.Release|x86.ActiveCfg = Release|Win32
		{0FE9F75E-1FE0-4E44-B310-6EEA017D2013}.Release|x86.Build.0 = Release|Win32
		{547E4EA9-C941-426B-B50D-D61C414A102C}.Debug|x64.ActiveCfg = Debug|x64
		{547E4EA9-C941-426B-B50D-D61C414A102C}.Debug|x64.Build.0 = Debug|x64
		{547E4EA9-C941-426B-B50D-D61C414A102C}.Debug|x86.ActiveCfg = Debug|Win32
		{547E4EA9-C941-426B-B50D-D61C414A102C}.Debug|x86.Build.0 = Debug|Win32
		{547E4EA9-C941-426B-B50D-D61C414A102C}.Release|x64.ActiveCfg = Release|x64
		{547E4EA9-C941-426B-B50D-D61C414A102C}.Release|x64.Build.0 = Release|x64
		{547E4EA9-C941-426B-B50D-D61C414A102C}.Release|x86.ActiveCfg = Release|Win32
		{547E4EA9-C941-426B-B50D-D61C414A102C}.Release|x86.Build.0 = Release|Win32
		{6346275C-C4C9-46F7-9CDF-8A498B611189}.Debug|x64.ActiveCfg = Debug|x64
		{6346275C-C4C9-46F7-9CDF-8A498B611189}.Debug|x64.Build.0 = Debug|x64
		{6346275C-C4C9-46F7-9CDF-8A498B611189}.Debug|x86.ActiveCfg = Debug|Win32
		{6346275C-C4C9-46F7-9CDF-8A498B611189}.Debug|x86.Build.0 = Debug|Win32
		{6346275C-C4C9-46F7-9CDF-8A498B611189}.Release|x64.ActiveCfg = Release|x64
		{6346275C-C4C9-46F7-9CDF-8A498B611189}.Release|x64.Build.0 = Release|x64
		{6346275C-C4C9-46F7-9CDF-8A498B611189}.Release|x86.ActiveCfg = Release|Win32
		{6346275C-C4C9-46F7-9CDF-8A498B611189}.Release|x86.Build.0 = Release|Win32
		{A96B48D2-B48D-4EE6-8CB4-A8E7BDB6E5D0}.Debug|x64.ActiveCfg = Debug|x64
		{A96B48D2-B48D-4EE6-8CB4-A8E7BDB6E5D0}.Debug|x64.Build.0 = Debug|x64
		{A96B48D2-B48D-4EE6-8CB4-A8E7BDB6E5D0}.Debug|x86.ActiveCfg = Debug|Win32
		{A96B48D2-B48D-4EE6-8CB4-A8E7BDB6E5D0}.Debug|x86.Build.0 = Debug|Win32
		{A96B48D2-B48D-4EE6-8CB4-A8E7BDB6E5D0}.Release|x64.ActiveCfg = Release|x64
		{A96B48D2-B48D-4EE6-8CB4-A8E7BDB6E5D0}.Release|x64.Build.0 = Release|x64
		{A96B48D2-B48D-4EE6-8CB4-A8E7BDB6E5D0}.Release|x86.ActiveCfg = Release|Win32
		{A96B48D2-B48D-4EE6-8CB4-A8E7BDB6E5D0}.Release|x86.Build.0 = Release|Win32
	EndGlobalSection
	GlobalSection(SolutionProperties) = preSolution
		HideSolutionNode = FALSE
	EndGlobalSection
	GlobalSection(ExtensibilityGlobals) = postSolution
		SolutionGuid = {C2646B0A-D874-4F29-8807-F8CD7E3BE3CD}
	EndGlobalSection
EndGlobal
