
Microsoft Visual Studio Solution File, Format Version 12.00
# Visual Studio Version 17
VisualStudioVersion = 17.14.36705.20
MinimumVisualStudioVersion = 10.0.40219.1
Project("{8BC9CEB8-8B4A-11D0-8D11-00A0C91BC942}") = "EjemploPathfinding", "EjemploPathfinding\EjemploPathfinding.vcxproj", "{85647FEB-5D04-4D94-8B86-C2EEEF443F5F}"
EndProject
Project("{8BC9CEB8-8B4A-11D0-8D11-00A0C91BC942}") = "Ejercicio1", "Ejercicio1\Ejercicio1.vcxproj", "{F3209CD4-3CEE-450B-95E8-47AEDD4ABEBE}"
EndProject
Project("{8BC9CEB8-8B4A-11D0-8D11-00A0C91BC942}") = "Ejercicio2", "Ejercicio2\Ejercicio2.vcxproj", "{DE8619CE-59CD-4AA5-85BE-202BDEEBEF63}"
EndProject
Project("{8BC9CEB8-8B4A-11D0-8D11-00A0C91BC942}") = "Ejercicio3", "Ejercicio3\Ejercicio3.vcxproj", "{8A78C29C-A298-442B-839B-807E09B04353}"
EndProject
Project("{8BC9CEB8-8B4A-11D0-8D11-00A0C91BC942}") = "Ejercicio18", "Ejercicio18\Ejercicio18.vcxproj", "{8852C4AA-7ECA-465A-87FD-27DBF289959A}"
EndProject
Global
	GlobalSection(SolutionConfigurationPlatforms) = preSolution
		Debug|x64 = Debug|x64
		Debug|x86 = Debug|x86
		Release|x64 = Release|x64
		Release|x86 = Release|x86
	EndGlobalSection
	GlobalSection(ProjectConfigurationPlatforms) = postSolution
		{85647FEB-5D04-4D94-8B86-C2EEEF443F5F}.Debug|x64.ActiveCfg = Debug|x64
		{85647FEB-5D04-4D94-8B86-C2EEEF443F5F}.Debug|x64.Build.0 = Debug|x64
		{85647FEB-5D04-4D94-8B86-C2EEEF443F5F}.Debug|x86.ActiveCfg = Debug|Win32
		{85647FEB-5D04-4D94-8B86-C2EEEF443F5F}.Debug|x86.Build.0 = Debug|Win32
		{85647FEB-5D04-4D94-8B86-C2EEEF443F5F}.Release|x64.ActiveCfg = Release|x64
		{85647FEB-5D04-4D94-8B86-C2EEEF443F5F}.Release|x64.Build.0 = Release|x64
		{85647FEB-5D04-4D94-8B86-C2EEEF443F5F}.Release|x86.ActiveCfg = Release|Win32
		{85647FEB-5D04-4D94-8B86-C2EEEF443F5F}.Release|x86.Build.0 = Release|Win32
		{F3209CD4-3CEE-450B-95E8-47AEDD4ABEBE}.Debug|x64.ActiveCfg = Debug|x64
		{F3209CD4-3CEE-450B-95E8-47AEDD4ABEBE}.Debug|x64.Build.0 = Debug|x64
		{F3209CD4-3CEE-450B-95E8-47AEDD4ABEBE}.Debug|x86.ActiveCfg = Debug|Win32
		{F3209CD4-3CEE-450B-95E8-47AEDD4ABEBE}.Debug|x86.Build.0 = Debug|Win32
		{F3209CD4-3CEE-450B-95E8-47AEDD4ABEBE}.Release|x64.ActiveCfg = Release|x64
		{F3209CD4-3CEE-450B-95E8-47AEDD4ABEBE}.Release|x64.Build.0 = Release|x64
		{F3209CD4-3CEE-450B-95E8-47AEDD4ABEBE}.Release|x86.ActiveCfg = Release|Win32
		{F3209CD4-3CEE-450B-95E8-47AEDD4ABEBE}.Release|x86.Build.0 = Release|Win32
		{DE8619CE-59CD-4AA5-85BE-202BDEEBEF63}.Debug|x64.ActiveCfg = Debug|x64
		{DE8619CE-59CD-4AA5-85BE-202BDEEBEF63}.Debug|x64.Build.0 = Debug|x64
		{DE8619CE-59CD-4AA5-85BE-202BDEEBEF63}.Debug|x86.ActiveCfg = Debug|Win32
		{DE8619CE-59CD-4AA5-85BE-202BDEEBEF63}.Debug|x86.Build.0 = Debug|Win32
		{DE8619CE-59CD-4AA5-85BE-202BDEEBEF63}.Release|x64.ActiveCfg = Release|x64
		{DE8619CE-59CD-4AA5-85BE-202BDEEBEF63}.Release|x64.Build.0 = Release|x64
		{DE8619CE-59CD-4AA5-85BE-202BDEEBEF63}.Release|x86.ActiveCfg = Release|Win32
		{DE8619CE-59CD-4AA5-85BE-202BDEEBEF63}.Release|x86.Build.0 = Release|Win32
		{8A78C29C-A298-442B-839B-807E09B04353}.Debug|x64.ActiveCfg = Debug|x64
		{8A78C29C-A298-442B-839B-807E09B04353}.Debug|x64.Build.0 = Debug|x64
		{8A78C29C-A298-442B-839B-807E09B04353}.Debug|x86.ActiveCfg = Debug|Win32
		{8A78C29C-A298-442B-839B-807E09B04353}.Debug|x86.Build.0 = Debug|Win32
		{8A78C29C-A298-442B-839B-807E09B04353}.Release|x64.ActiveCfg = Release|x64
		{8A78C29C-A298-442B-839B-807E09B04353}.Release|x64.Build.0 = Release|x64
		{8A78C29C-A298-442B-839B-807E09B04353}.Release|x86.ActiveCfg = Release|Win32
		{8A78C29C-A298-442B-839B-807E09B04353}.Release|x86.Build.0 = Release|Win32
		{8852C4AA-7ECA-465A-87FD-27DBF289959A}.Debug|x64.ActiveCfg = Debug|x64
		{8852C4AA-7ECA-465A-87FD-27DBF289959A}.Debug|x64.Build.0 = Debug|x64
		{8852C4AA-7ECA-465A-87FD-27DBF289959A}.Debug|x86.ActiveCfg = Debug|Win32
		{8852C4AA-7ECA-465A-87FD-27DBF289959A}.Debug|x86.Build.0 = Debug|Win32
		{8852C4AA-7ECA-465A-87FD-27DBF289959A}.Release|x64.ActiveCfg = Release|x64
		{8852C4AA-7ECA-465A-87FD-27DBF289959A}.Release|x64.Build.0 = Release|x64
		{8852C4AA-7ECA-465A-87FD-27DBF289959A}.Release|x86.ActiveCfg = Release|Win32
		{8852C4AA-7ECA-465A-87FD-27DBF289959A}.Release|x86.Build.0 = Release|Win32
	EndGlobalSection
	GlobalSection(SolutionProperties) = preSolution
		HideSolutionNode = FALSE
	EndGlobalSection
	GlobalSection(ExtensibilityGlobals) = postSolution
		SolutionGuid = {CF5FA96D-2CDC-4CAB-863A-DA9F7A4B999D}
	EndGlobalSection
EndGlobal
